PODS:
  - Eureka (4.2.0)
  - ImageRow (3.1.0):
    - Eureka (~> 4.0)
  - ViewRow (0.3.0):
    - Eureka (>= 4.0.0)

DEPENDENCIES:
  - ImageRow (~> 3.0)
  - ViewRow (from `https://github.com/EurekaCommunity/ViewRow`)

SPEC REPOS:
  https://github.com/cocoapods/specs.git:
    - Eureka
    - ImageRow

EXTERNAL SOURCES:
  ViewRow:
    :git: https://github.com/EurekaCommunity/ViewRow

CHECKOUT OPTIONS:
  ViewRow:
    :commit: 5f8816fa17af881048b8fe881df329e193c28f93
    :git: https://github.com/EurekaCommunity/ViewRow

SPEC CHECKSUMS:
  Eureka: 0748c7bbb2560130e43c7bfa83e99c98854a1f42
  ImageRow: 1ea483078bfa3d880a7fc76fdfcddfd5f29a9e6b
  ViewRow: e278428ff53da5eab18b191d3e19a16f3e299fc1

PODFILE CHECKSUM: eafabf8be67c50c1bd2f48eb8fbb3e239290a6b1

COCOAPODS: 1.5.3
